
Microsoft Visual Studio Solution File, Format Version 12.00
# Visual Studio Version 17
VisualStudioVersion = 17.4.33110.190
MinimumVisualStudioVersion = 10.0.40219.1
Project("{FAE04EC0-301F-11D3-BF4B-00C04F79EFBC}") = "M03Uf1MatriusGomezCarlos", "M03Uf1MatriusGomezCarlos\M03Uf1MatriusGomezCarlos.csproj", "{EDEE08C8-1CA0-45FE-90D8-5F9F30FA0BBA}"
EndProject
Global
	GlobalSection(SolutionConfigurationPlatforms) = preSolution
		Debug|Any CPU = Debug|Any CPU
		Release|Any CPU = Release|Any CPU
	EndGlobalSection
	GlobalSection(ProjectConfigurationPlatforms) = postSolution
		{EDEE08C8-1CA0-45FE-90D8-5F9F30FA0BBA}.Debug|Any CPU.ActiveCfg = Debug|Any CPU
		{EDEE08C8-1CA0-45FE-90D8-5F9F30FA0BBA}.Debug|Any CPU.Build.0 = Debug|Any CPU
		{EDEE08C8-1CA0-45FE-90D8-5F9F30FA0BBA}.Release|Any CPU.ActiveCfg = Release|Any CPU
		{EDEE08C8-1CA0-45FE-90D8-5F9F30FA0BBA}.Release|Any CPU.Build.0 = Release|Any CPU
	EndGlobalSection
	GlobalSection(SolutionProperties) = preSolution
		HideSolutionNode = FALSE
	EndGlobalSection
	GlobalSection(ExtensibilityGlobals) = postSolution
		SolutionGuid = {5F9E0CF6-99D7-4A2B-A300-E617BA78237B}
	EndGlobalSection
EndGlobal
